
Microsoft Visual Studio Solution File, Format Version 12.00
# Visual Studio 2012
Project("{8BC9CEB8-8B4A-11D0-8D11-00A0C91BC942}") = "CV", "CV\CV.vcxproj", "{39610609-6C4A-4372-B251-7C1C1592E2A2}"
EndProject
Global
	GlobalSection(SolutionConfigurationPlatforms) = preSolution
		Debug|Win32 = Debug|Win32
		Release|Win32 = Release|Win32
	EndGlobalSection
	GlobalSection(ProjectConfigurationPlatforms) = postSolution
		{39610609-6C4A-4372-B251-7C1C1592E2A2}.Debug|Win32.ActiveCfg = Debug|Win32
		{39610609-6C4A-4372-B251-7C1C1592E2A2}.Debug|Win32.Build.0 = Debug|Win32
		{39610609-6C4A-4372-B251-7C1C1592E2A2}.Release|Win32.ActiveCfg = Release|Win32
		{39610609-6C4A-4372-B251-7C1C1592E2A2}.Release|Win32.Build.0 = Release|Win32
	EndGlobalSection
	GlobalSection(SolutionProperties) = preSolution
		HideSolutionNode = FALSE
	EndGlobalSection
EndGlobal
