
Microsoft Visual Studio Solution File, Format Version 11.00
# Visual Studio 2010
Project("{2150E333-8FDC-42A3-9474-1A3956D46DE8}") = "Solution Items", "Solution Items", "{55A336E9-5595-43F6-8994-F1A2A38655B1}"
EndProject
Project("{2150E333-8FDC-42A3-9474-1A3956D46DE8}") = "Veci k Projektu", "Veci k Projektu", "{80979518-DAA5-4F61-8FC1-AC75DC2B189B}"
	ProjectSection(SolutionItems) = preProject
		key = key
		key.ppk = key.ppk
		navod_a_poznamky.txt = navod_a_poznamky.txt
		readme.txt = readme.txt
	EndProjectSection
EndProject
Global
	GlobalSection(SolutionProperties) = preSolution
		HideSolutionNode = FALSE
	EndGlobalSection
EndGlobal
