<?xml version="1.0" encoding="utf-8"?>
<Project ToolsVersion="4.0" xmlns="http://schemas.microsoft.com/developer/msbuild/2003">
  <ItemGroup>
    <Filter Include="com.carlos.architecture.entities">
      <UniqueIdentifier>{7d89d65c-7898-404d-8f67-da6acc02d1d8}</UniqueIdentifier>
    </Filter>
    <Filter Include="com.carlos.architecture.main">
      <UniqueIdentifier>{1cfbd1a3-ed1e-4cdf-b994-e0564ea0766d}</UniqueIdentifier>
    </Filter>
    <Filter Include="com.carlos.db">
      <UniqueIdentifier>{2df91072-e813-4921-9fcd-dba7bda4800d}</UniqueIdentifier>
    </Filter>
    <Filter Include="com.carlos.architecture.modules">
      <UniqueIdentifier>{0666d84c-42a8-4aaa-b672-065d15568427}</UniqueIdentifier>
    </Filter>
  </ItemGroup>
  <ItemGroup>
    <ClInclude Include="architecture\entities\baseTypes.h" />
    <ClInclude Include="architecture\entities\class.IModul.hpp" />
    <ClInclude Include="architecture\entities\entities.h" />
    <ClInclude Include="architecture\modules\class.ModulAndroid.hpp" />
    <ClInclude Include="architecture\modules\class.ModulDatabaza.hpp" />
    <ClInclude Include="architecture\modules\class.ModulKamera.hpp" />
    <ClInclude Include="architecture\modules\class.ModulKinect.hpp" />
    <ClInclude Include="architecture\modules\class.ModulSpracovania.hpp" />
    <ClInclude Include="architecture\modules\class.ModulVypocitaniaPolohy.hpp" />
    <ClInclude Include="main\class.Carlos.hpp" />
    <ClInclude Include="main\class.Dll.hpp" />
    <ClInclude Include="main\class.ModulesController.hpp" />
    <ClInclude Include="architecture\DllExports.h" />
    <ClInclude Include="main\CThread.h" />
    <ClInclude Include="main\class.App.hpp" />
    <ClInclude Include="architecture\configuration\tinyxml2\tinyxml2.h" />
    <ClInclude Include="architecture\modules\fake\class.FakeModulAndroid.hpp" />
    <ClInclude Include="architecture\modules\fake\class.GPSLogFile.hpp" />
    <ClInclude Include="architecture\entities\class.Time.hpp" />
    <ClInclude Include="main\class.ModulWrapper.hpp" />
    <ClInclude Include="architecture\entities\cv_entities.h" />
    <ClInclude Include="architecture\modules\class.ModulVykreslovania.hpp" />
    <ClInclude Include="architecture\configuration\class.Configuration.hpp" />
  </ItemGroup>
  <ItemGroup>
    <ClCompile Include="main\class.Carlos.cpp" />
    <ClCompile Include="main\main.cpp" />
    <ClCompile Include="main\class.ModulWrapper.cpp" />
    <ClCompile Include="main\class.ModulesController.cpp" />
    <ClCompile Include="main\class.App.cpp" />
  </ItemGroup>
</Project>